{
  "name": "@ctliz/agent-intercom-grok",
  "version": "0.2.1",
  "lockfileVersion": 3,
  "requires": true,
  "packages": {
    "": {
      "name": "@ctliz/agent-intercom-grok",
      "version": "0.2.1",
      "license": "AGPL-3.0-or-later",
      "dependencies": {
        "@ctliz/agent-intercom-claude": "0.15.1"
      },
      "bin": {
        "agent-intercom-grok-mcp": "bin/agent-intercom-grok-mcp.mjs"
      },
      "engines": {
        "node": ">=22.19.0"
      }
    },
    "node_modules/@ctliz/agent-intercom-claude": {
      "version": "0.15.1",
      "resolved": "https://registry.npmjs.org/@ctliz/agent-intercom-claude/-/agent-intercom-claude-0.15.1.tgz",
      "integrity": "sha512-+dUnbqZYJ5/woUB7KIR5d0o4t8UyiTErNihsBmyqeDv9e+sWuaDsDpYHM0ppKB3aDuGI5/LWR89K4f+5VmjHUw==",
      "license": "AGPL-3.0-or-later",
      "bin": {
        "cci": "dist/cci.mjs",
        "ccim": "dist/ccim.mjs",
        "claude-intercom-mcp": "dist/claude-server.mjs",
        "claude-intercom-worker": "dist/worker-daemon.mjs"
      },
      "engines": {
        "node": ">=22.19.0"
      },
      "peerDependencies": {
        "@ctliz/agent-intercom-core": "0.2.0"
      }
    },
    "node_modules/@ctliz/agent-intercom-core": {
      "version": "0.2.0",
      "resolved": "https://registry.npmjs.org/@ctliz/agent-intercom-core/-/agent-intercom-core-0.2.0.tgz",
      "integrity": "sha512-bpifL9cc8cwMm74fpvjgRBarXMwn6BY4cST4ry6HrGtfpRTXyiJOtwfNnhORF6xTKwQNOWakxS1sZALczInvkQ==",
      "license": "AGPL-3.0-or-later",
      "peer": true,
      "engines": {
        "node": ">=22.19.0"
      }
    }
  }
}
